
Microsoft Visual Studio Solution File, Format Version 12.00
# Visual Studio Version 17
VisualStudioVersion = 17.8.34525.116
MinimumVisualStudioVersion = 10.0.40219.1
Project("{FAE04EC0-301F-11D3-BF4B-00C04F79EFBC}") = "ControllerInMVC", "ControllerInMVC\ControllerInMVC.csproj", "{EFE41CFB-3BB6-4D7F-8413-1314CE18F084}"
EndProject
Project("{FAE04EC0-301F-11D3-BF4B-00C04F79EFBC}") = "ViewsInMVC", "ViewsInMVC\ViewsInMVC.csproj", "{D7AC6D8D-96C4-48D7-A504-950032119745}"
EndProject
Project("{FAE04EC0-301F-11D3-BF4B-00C04F79EFBC}") = "MVCDataSharing", "MVCDataSharing\MVCDataSharing.csproj", "{25883572-0580-4BC9-A4B0-EE3AB7F04142}"
EndProject
Project("{FAE04EC0-301F-11D3-BF4B-00C04F79EFBC}") = "CRUDMVCwithADO", "CRUDMVCwithADO\CRUDMVCwithADO.csproj", "{23A064CF-281B-4496-93C8-C98ECC7C9716}"
EndProject
Project("{FAE04EC0-301F-11D3-BF4B-00C04F79EFBC}") = "WebEFMVC", "WebEFMVC\WebEFMVC.csproj", "{959BAC91-FDD8-44C0-96C0-C48F5667058F}"
EndProject
Global
	GlobalSection(SolutionConfigurationPlatforms) = preSolution
		Debug|Any CPU = Debug|Any CPU
		Release|Any CPU = Release|Any CPU
	EndGlobalSection
	GlobalSection(ProjectConfigurationPlatforms) = postSolution
		{EFE41CFB-3BB6-4D7F-8413-1314CE18F084}.Debug|Any CPU.ActiveCfg = Debug|Any CPU
		{EFE41CFB-3BB6-4D7F-8413-1314CE18F084}.Debug|Any CPU.Build.0 = Debug|Any CPU
		{EFE41CFB-3BB6-4D7F-8413-1314CE18F084}.Release|Any CPU.ActiveCfg = Release|Any CPU
		{EFE41CFB-3BB6-4D7F-8413-1314CE18F084}.Release|Any CPU.Build.0 = Release|Any CPU
		{D7AC6D8D-96C4-48D7-A504-950032119745}.Debug|Any CPU.ActiveCfg = Debug|Any CPU
		{D7AC6D8D-96C4-48D7-A504-950032119745}.Debug|Any CPU.Build.0 = Debug|Any CPU
		{D7AC6D8D-96C4-48D7-A504-950032119745}.Release|Any CPU.ActiveCfg = Release|Any CPU
		{D7AC6D8D-96C4-48D7-A504-950032119745}.Release|Any CPU.Build.0 = Release|Any CPU
		{25883572-0580-4BC9-A4B0-EE3AB7F04142}.Debug|Any CPU.ActiveCfg = Debug|Any CPU
		{25883572-0580-4BC9-A4B0-EE3AB7F04142}.Debug|Any CPU.Build.0 = Debug|Any CPU
		{25883572-0580-4BC9-A4B0-EE3AB7F04142}.Release|Any CPU.ActiveCfg = Release|Any CPU
		{25883572-0580-4BC9-A4B0-EE3AB7F04142}.Release|Any CPU.Build.0 = Release|Any CPU
		{23A064CF-281B-4496-93C8-C98ECC7C9716}.Debug|Any CPU.ActiveCfg = Debug|Any CPU
		{23A064CF-281B-4496-93C8-C98ECC7C9716}.Debug|Any CPU.Build.0 = Debug|Any CPU
		{23A064CF-281B-4496-93C8-C98ECC7C9716}.Release|Any CPU.ActiveCfg = Release|Any CPU
		{23A064CF-281B-4496-93C8-C98ECC7C9716}.Release|Any CPU.Build.0 = Release|Any CPU
		{959BAC91-FDD8-44C0-96C0-C48F5667058F}.Debug|Any CPU.ActiveCfg = Debug|Any CPU
		{959BAC91-FDD8-44C0-96C0-C48F5667058F}.Debug|Any CPU.Build.0 = Debug|Any CPU
		{959BAC91-FDD8-44C0-96C0-C48F5667058F}.Release|Any CPU.ActiveCfg = Release|Any CPU
		{959BAC91-FDD8-44C0-96C0-C48F5667058F}.Release|Any CPU.Build.0 = Release|Any CPU
	EndGlobalSection
	GlobalSection(SolutionProperties) = preSolution
		HideSolutionNode = FALSE
	EndGlobalSection
	GlobalSection(ExtensibilityGlobals) = postSolution
		SolutionGuid = {6C11CF23-5E20-440C-8F43-861B53B366F3}
	EndGlobalSection
EndGlobal
